
Microsoft Visual Studio Solution File, Format Version 12.00
# Visual Studio Version 17
VisualStudioVersion = 17.8.34511.84
MinimumVisualStudioVersion = 10.0.40219.1
Project("{9A19103F-16F7-4668-BE54-9A1E7A4F7556}") = "EchoBlaze", "EchoBlaze\EchoBlaze.csproj", "{6559AA4B-EA51-42CD-9093-085C96537EBB}"
EndProject
Global
	GlobalSection(SolutionConfigurationPlatforms) = preSolution
		Debug|Any CPU = Debug|Any CPU
		Release|Any CPU = Release|Any CPU
	EndGlobalSection
	GlobalSection(ProjectConfigurationPlatforms) = postSolution
		{6559AA4B-EA51-42CD-9093-085C96537EBB}.Debug|Any CPU.ActiveCfg = Debug|Any CPU
		{6559AA4B-EA51-42CD-9093-085C96537EBB}.Debug|Any CPU.Build.0 = Debug|Any CPU
		{6559AA4B-EA51-42CD-9093-085C96537EBB}.Release|Any CPU.ActiveCfg = Release|Any CPU
		{6559AA4B-EA51-42CD-9093-085C96537EBB}.Release|Any CPU.Build.0 = Release|Any CPU
	EndGlobalSection
	GlobalSection(SolutionProperties) = preSolution
		HideSolutionNode = FALSE
	EndGlobalSection
	GlobalSection(ExtensibilityGlobals) = postSolution
		SolutionGuid = {8853D969-A60F-4CB5-9EBB-6D365354818F}
	EndGlobalSection
EndGlobal
